
Microsoft Visual Studio Solution File, Format Version 12.00
# Visual Studio Version 16
VisualStudioVersion = 16.0.31019.35
MinimumVisualStudioVersion = 10.0.40219.1
Project("{FAE04EC0-301F-11D3-BF4B-00C04F79EFBC}") = "PerancanganAnalisa3", "PerancanganAnalisa3\PerancanganAnalisa3.csproj", "{2ABEFEAA-C35F-4750-AE85-BABFB51A93A8}"
EndProject
Global
	GlobalSection(SolutionConfigurationPlatforms) = preSolution
		Debug|Any CPU = Debug|Any CPU
		Release|Any CPU = Release|Any CPU
	EndGlobalSection
	GlobalSection(ProjectConfigurationPlatforms) = postSolution
		{2ABEFEAA-C35F-4750-AE85-BABFB51A93A8}.Debug|Any CPU.ActiveCfg = Debug|Any CPU
		{2ABEFEAA-C35F-4750-AE85-BABFB51A93A8}.Debug|Any CPU.Build.0 = Debug|Any CPU
		{2ABEFEAA-C35F-4750-AE85-BABFB51A93A8}.Release|Any CPU.ActiveCfg = Release|Any CPU
		{2ABEFEAA-C35F-4750-AE85-BABFB51A93A8}.Release|Any CPU.Build.0 = Release|Any CPU
	EndGlobalSection
	GlobalSection(SolutionProperties) = preSolution
		HideSolutionNode = FALSE
	EndGlobalSection
	GlobalSection(ExtensibilityGlobals) = postSolution
		SolutionGuid = {998ED5D3-16F6-437C-A85B-70772E9F828E}
	EndGlobalSection
EndGlobal
